
Microsoft Visual Studio Solution File, Format Version 12.00
# Visual Studio Version 17
VisualStudioVersion = 17.5.33516.290
MinimumVisualStudioVersion = 10.0.40219.1
Project("{FAE04EC0-301F-11D3-BF4B-00C04F79EFBC}") = "Calculadora de Divisores", "Calculadora de Divisores.csproj", "{6BC46713-5D87-4838-8A63-CAE02AA49B1C}"
EndProject
Global
	GlobalSection(SolutionConfigurationPlatforms) = preSolution
		Debug|Any CPU = Debug|Any CPU
		Release|Any CPU = Release|Any CPU
	EndGlobalSection
	GlobalSection(ProjectConfigurationPlatforms) = postSolution
		{6BC46713-5D87-4838-8A63-CAE02AA49B1C}.Debug|Any CPU.ActiveCfg = Debug|Any CPU
		{6BC46713-5D87-4838-8A63-CAE02AA49B1C}.Debug|Any CPU.Build.0 = Debug|Any CPU
		{6BC46713-5D87-4838-8A63-CAE02AA49B1C}.Release|Any CPU.ActiveCfg = Release|Any CPU
		{6BC46713-5D87-4838-8A63-CAE02AA49B1C}.Release|Any CPU.Build.0 = Release|Any CPU
	EndGlobalSection
	GlobalSection(SolutionProperties) = preSolution
		HideSolutionNode = FALSE
	EndGlobalSection
	GlobalSection(ExtensibilityGlobals) = postSolution
		SolutionGuid = {B54ED42D-5E32-4FC0-8A09-071866BFE706}
	EndGlobalSection
EndGlobal
